<?xml version="1.0" encoding="utf-8"?>
<Project ToolsVersion="4.0" xmlns="http://schemas.microsoft.com/developer/msbuild/2003">
  <ItemGroup>
    <Filter Include="Source Files">
      <UniqueIdentifier>{4FC737F1-C7A5-4376-A066-2A32D752A2FF}</UniqueIdentifier>
      <Extensions>cpp;c;cc;cxx;def;odl;idl;hpj;bat;asm;asmx</Extensions>
    </Filter>
    <Filter Include="Header Files">
      <UniqueIdentifier>{93995380-89BD-4b04-88EB-625FBE52EBFB}</UniqueIdentifier>
      <Extensions>h;hh;hpp;hxx;hm;inl;inc;xsd</Extensions>
    </Filter>
    <Filter Include="Resource Files">
      <UniqueIdentifier>{67DA6AB6-F800-4c08-8B7A-83BB121AAD01}</UniqueIdentifier>
      <Extensions>rc;ico;cur;bmp;dlg;rc2;rct;bin;rgs;gif;jpg;jpeg;jpe;resx;tiff;tif;png;wav;mfcribbon-ms</Extensions>
    </Filter>
    <Filter Include="Source Files\medias">
      <UniqueIdentifier>{369acaf3-843a-4df0-a7d1-edb6c4c31d29}</UniqueIdentifier>
    </Filter>
    <Filter Include="Source Files\scenes">
      <UniqueIdentifier>{570aa0d8-f602-4306-b443-deda0fb03429}</UniqueIdentifier>
    </Filter>
    <Filter Include="Source Files\medias\SceneBasic">
      <UniqueIdentifier>{43903645-e3c5-4d4f-a5c0-f8970efe278b}</UniqueIdentifier>
    </Filter>
    <Filter Include="Source Files\imgui">
      <UniqueIdentifier>{18b4071b-f6b9-4894-888a-ccf8ea6a7a5b}</UniqueIdentifier>
    </Filter>
    <Filter Include="Source Files\medias\SceneCloth">
      <UniqueIdentifier>{d9937221-4ac9-4e59-8cfc-243355e1cd91}</UniqueIdentifier>
    </Filter>
  </ItemGroup>
  <ItemGroup>
    <Text Include="ReadMe.txt" />
  </ItemGroup>
  <ItemGroup>
    <ClInclude Include="stdafx.h">
      <Filter>Header Files</Filter>
    </ClInclude>
    <ClInclude Include="targetver.h">
      <Filter>Header Files</Filter>
    </ClInclude>
    <ClInclude Include="Graphics.h">
      <Filter>Source Files</Filter>
    </ClInclude>
    <ClInclude Include="shaderProgram.h">
      <Filter>Source Files</Filter>
    </ClInclude>
    <ClInclude Include="SceneManager.h">
      <Filter>Source Files</Filter>
    </ClInclude>
    <ClInclude Include="Scene.h">
      <Filter>Source Files</Filter>
    </ClInclude>
    <ClInclude Include="GLUtils.h">
      <Filter>Source Files</Filter>
    </ClInclude>
    <ClInclude Include="TriangleMesh.h">
      <Filter>Source Files</Filter>
    </ClInclude>
    <ClInclude Include="Drawable.h">
      <Filter>Source Files</Filter>
    </ClInclude>
    <ClInclude Include="Plane.h">
      <Filter>Source Files</Filter>
    </ClInclude>
    <ClInclude Include="Camera.h">
      <Filter>Source Files</Filter>
    </ClInclude>
    <ClInclude Include="scenes\SceneBasic.h">
      <Filter>Source Files\scenes</Filter>
    </ClInclude>
    <ClInclude Include="scenes\SceneSPH.h">
      <Filter>Source Files\scenes</Filter>
    </ClInclude>
    <ClInclude Include="GLGUI.h">
      <Filter>Source Files</Filter>
    </ClInclude>
    <ClInclude Include="imgui\imconfig.h">
      <Filter>Source Files\imgui</Filter>
    </ClInclude>
    <ClInclude Include="imgui\imgui.h">
      <Filter>Source Files\imgui</Filter>
    </ClInclude>
    <ClInclude Include="imgui\imgui_impl_glfw_gl3.h">
      <Filter>Source Files\imgui</Filter>
    </ClInclude>
    <ClInclude Include="imgui\imgui_internal.h">
      <Filter>Source Files\imgui</Filter>
    </ClInclude>
    <ClInclude Include="imgui\stb_rect_pack.h">
      <Filter>Source Files\imgui</Filter>
    </ClInclude>
    <ClInclude Include="imgui\stb_textedit.h">
      <Filter>Source Files\imgui</Filter>
    </ClInclude>
    <ClInclude Include="imgui\stb_truetype.h">
      <Filter>Source Files\imgui</Filter>
    </ClInclude>
    <ClInclude Include="scenes\SceneCloth.h">
      <Filter>Source Files\scenes</Filter>
    </ClInclude>
  </ItemGroup>
  <ItemGroup>
    <ClCompile Include="stdafx.cpp">
      <Filter>Source Files</Filter>
    </ClCompile>
    <ClCompile Include="Graphics.cpp">
      <Filter>Source Files</Filter>
    </ClCompile>
    <ClCompile Include="shaderProgram.cpp">
      <Filter>Source Files</Filter>
    </ClCompile>
    <ClCompile Include="GLUtils.cpp">
      <Filter>Source Files</Filter>
    </ClCompile>
    <ClCompile Include="TriangleMesh.cpp">
      <Filter>Source Files</Filter>
    </ClCompile>
    <ClCompile Include="Plane.cpp">
      <Filter>Source Files</Filter>
    </ClCompile>
    <ClCompile Include="Camera.cpp">
      <Filter>Source Files</Filter>
    </ClCompile>
    <ClCompile Include="scenes\SceneBasic.cpp">
      <Filter>Source Files\scenes</Filter>
    </ClCompile>
    <ClCompile Include="scenes\SceneSPH.cpp">
      <Filter>Source Files\scenes</Filter>
    </ClCompile>
    <ClCompile Include="imgui\imgui.cpp">
      <Filter>Source Files\imgui</Filter>
    </ClCompile>
    <ClCompile Include="imgui\imgui_demo.cpp">
      <Filter>Source Files\imgui</Filter>
    </ClCompile>
    <ClCompile Include="imgui\imgui_draw.cpp">
      <Filter>Source Files\imgui</Filter>
    </ClCompile>
    <ClCompile Include="imgui\imgui_impl_glfw_gl3.cpp">
      <Filter>Source Files\imgui</Filter>
    </ClCompile>
    <ClCompile Include="scenes\SceneCloth.cpp">
      <Filter>Source Files\scenes</Filter>
    </ClCompile>
  </ItemGroup>
  <ItemGroup>
    <None Include="medias\fragShader.frag">
      <Filter>Source Files\medias</Filter>
    </None>
    <None Include="medias\vertexShader.vert">
      <Filter>Source Files\medias</Filter>
    </None>
    <None Include="imgui\stb_rect_pack.h.gch">
      <Filter>Source Files\imgui</Filter>
    </None>
    <None Include="imgui\stb_textedit.h.gch">
      <Filter>Source Files\imgui</Filter>
    </None>
    <None Include="imgui\stb_truetype.h.gch">
      <Filter>Source Files\imgui</Filter>
    </None>
    <None Include="medias\SceneBasic\plane.frag">
      <Filter>Source Files\medias\SceneBasic</Filter>
    </None>
    <None Include="medias\SceneBasic\plane.vert">
      <Filter>Source Files\medias\SceneBasic</Filter>
    </None>
    <None Include="medias\SceneCloth\ads.vert">
      <Filter>Source Files\medias\SceneCloth</Filter>
    </None>
    <None Include="medias\SceneCloth\ads.frag">
      <Filter>Source Files\medias\SceneCloth</Filter>
    </None>
    <None Include="medias\SceneCloth\cloth.comp">
      <Filter>Source Files\medias\SceneCloth</Filter>
    </None>
    <None Include="medias\SceneCloth\clothNorm.comp">
      <Filter>Source Files\medias\SceneCloth</Filter>
    </None>
  </ItemGroup>
</Project>